
Microsoft Visual Studio Solution File, Format Version 12.00
# Visual Studio Version 17
VisualStudioVersion = 17.2.32505.173
MinimumVisualStudioVersion = 10.0.40219.1
Project("{9A19103F-16F7-4668-BE54-9A1E7A4F7556}") = "ChatGPTLineBot", "ChatGPTLineBot\ChatGPTLineBot.csproj", "{0004D0BF-9038-478D-9FCA-C34AD2E3A3E2}"
EndProject
Project("{9A19103F-16F7-4668-BE54-9A1E7A4F7556}") = "Lib.Redis.Client", "..\Lib.Redis.Client\Lib.Redis.Client.csproj", "{012D7798-F0C8-499B-91ED-FCE10F46C658}"
EndProject
Global
	GlobalSection(SolutionConfigurationPlatforms) = preSolution
		Debug|Any CPU = Debug|Any CPU
		Release|Any CPU = Release|Any CPU
	EndGlobalSection
	GlobalSection(ProjectConfigurationPlatforms) = postSolution
		{0004D0BF-9038-478D-9FCA-C34AD2E3A3E2}.Debug|Any CPU.ActiveCfg = Debug|Any CPU
		{0004D0BF-9038-478D-9FCA-C34AD2E3A3E2}.Debug|Any CPU.Build.0 = Debug|Any CPU
		{0004D0BF-9038-478D-9FCA-C34AD2E3A3E2}.Release|Any CPU.ActiveCfg = Release|Any CPU
		{0004D0BF-9038-478D-9FCA-C34AD2E3A3E2}.Release|Any CPU.Build.0 = Release|Any CPU
		{012D7798-F0C8-499B-91ED-FCE10F46C658}.Debug|Any CPU.ActiveCfg = Debug|Any CPU
		{012D7798-F0C8-499B-91ED-FCE10F46C658}.Debug|Any CPU.Build.0 = Debug|Any CPU
		{012D7798-F0C8-499B-91ED-FCE10F46C658}.Release|Any CPU.ActiveCfg = Release|Any CPU
		{012D7798-F0C8-499B-91ED-FCE10F46C658}.Release|Any CPU.Build.0 = Release|Any CPU
	EndGlobalSection
	GlobalSection(SolutionProperties) = preSolution
		HideSolutionNode = FALSE
	EndGlobalSection
	GlobalSection(ExtensibilityGlobals) = postSolution
		SolutionGuid = {ECDE7591-3CEF-4EEE-B610-55073FBA11F9}
	EndGlobalSection
EndGlobal
